{
  "object": {
    "pins": [
      {
        "package": "Poly",
        "repositoryURL": "https://github.com/brunodepop/Poly.git",
        "state": {
          "branch": "master",
          "revision": "3c5513c234758a7ad5496817f534c8c2bdda5166",
          "version": null
        }
      }
    ]
  },
  "version": 1
}
